
Microsoft Visual Studio Solution File, Format Version 12.00
# Visual Studio Version 17
VisualStudioVersion = 17.5.33103.201
MinimumVisualStudioVersion = 10.0.40219.1
Project("{FAE04EC0-301F-11D3-BF4B-00C04F79EFBC}") = "Core", "Core\Core.csproj", "{1A6566FE-1450-4F27-B18A-3CC1A6A1B930}"
EndProject
Project("{FAE04EC0-301F-11D3-BF4B-00C04F79EFBC}") = "TransportManagement.Libraries", "TransportManagement.Libraries\TransportManagement.Libraries.csproj", "{ABA58800-5BE9-470B-B9C5-5525789DD860}"
EndProject
Global
	GlobalSection(SolutionConfigurationPlatforms) = preSolution
		Debug|Any CPU = Debug|Any CPU
		Release|Any CPU = Release|Any CPU
	EndGlobalSection
	GlobalSection(ProjectConfigurationPlatforms) = postSolution
		{1A6566FE-1450-4F27-B18A-3CC1A6A1B930}.Debug|Any CPU.ActiveCfg = Debug|Any CPU
		{1A6566FE-1450-4F27-B18A-3CC1A6A1B930}.Debug|Any CPU.Build.0 = Debug|Any CPU
		{1A6566FE-1450-4F27-B18A-3CC1A6A1B930}.Release|Any CPU.ActiveCfg = Release|Any CPU
		{1A6566FE-1450-4F27-B18A-3CC1A6A1B930}.Release|Any CPU.Build.0 = Release|Any CPU
		{ABA58800-5BE9-470B-B9C5-5525789DD860}.Debug|Any CPU.ActiveCfg = Debug|Any CPU
		{ABA58800-5BE9-470B-B9C5-5525789DD860}.Debug|Any CPU.Build.0 = Debug|Any CPU
		{ABA58800-5BE9-470B-B9C5-5525789DD860}.Release|Any CPU.ActiveCfg = Release|Any CPU
		{ABA58800-5BE9-470B-B9C5-5525789DD860}.Release|Any CPU.Build.0 = Release|Any CPU
	EndGlobalSection
	GlobalSection(SolutionProperties) = preSolution
		HideSolutionNode = FALSE
	EndGlobalSection
	GlobalSection(ExtensibilityGlobals) = postSolution
		SolutionGuid = {A18191B0-632F-4AAA-B0E2-C99713D8D042}
	EndGlobalSection
EndGlobal
